PODS:
  - GVRSDK (1.10.0):
    - GVRSDK/GVRView (= 1.10.0)
  - GVRSDK/Base (1.10.0)
  - GVRSDK/GVRView (1.10.0):
    - GVRSDK/Base

DEPENDENCIES:
  - GVRSDK

SPEC CHECKSUMS:
  GVRSDK: c15e92a9d6276217936b62385b731289fffd8349

PODFILE CHECKSUM: 2409093a882a31dfac43e362b6b949ae0cdba6b7

COCOAPODS: 1.1.1
